Microsoft Visual Studio Solution File, Format Version 12.00
Project("{FAE04EC0-301F-11D3-BF4B-00C04F79EFBC}") = "ChessClubCloudCode", "ChessClubCloudCode.csproj", "{30B07EA0-8A4A-4D93-8067-3268C0D66552}"
EndProject
Global
	GlobalSection(SolutionConfigurationPlatforms) = preSolution
		Debug|Any CPU = Debug|Any CPU
		Release|Any CPU = Release|Any CPU
	EndGlobalSection
	GlobalSection(ProjectConfigurationPlatforms) = postSolution
		{1B888225-EB09-4C3A-A3EB-55E6C05EEBB1}.Debug|Any CPU.ActiveCfg = Debug|Any CPU
		{1B888225-EB09-4C3A-A3EB-55E6C05EEBB1}.Debug|Any CPU.Build.0 = Debug|Any CPU
		{1B888225-EB09-4C3A-A3EB-55E6C05EEBB1}.Release|Any CPU.ActiveCfg = Release|Any CPU
		{1B888225-EB09-4C3A-A3EB-55E6C05EEBB1}.Release|Any CPU.Build.0 = Release|Any CPU
		{30B07EA0-8A4A-4D93-8067-3268C0D66552}.Debug|Any CPU.ActiveCfg = Debug|Any CPU
		{30B07EA0-8A4A-4D93-8067-3268C0D66552}.Debug|Any CPU.Build.0 = Debug|Any CPU
		{30B07EA0-8A4A-4D93-8067-3268C0D66552}.Release|Any CPU.ActiveCfg = Release|Any CPU
		{30B07EA0-8A4A-4D93-8067-3268C0D66552}.Release|Any CPU.Build.0 = Release|Any CPU
	EndGlobalSection
EndGlobal
